
Microsoft Visual Studio Solution File, Format Version 12.00
# Visual Studio 2013
VisualStudioVersion = 12.0.31101.0
MinimumVisualStudioVersion = 10.0.40219.1
Project("{FAE04EC0-301F-11D3-BF4B-00C04F79EFBC}") = "01.DifferenceBetweenDates", "01.DifferenceBetweenDates\01.DifferenceBetweenDates.csproj", "{053BFE15-8D55-41DA-B315-37916A02A2FC}"
EndProject
Project("{FAE04EC0-301F-11D3-BF4B-00C04F79EFBC}") = "02.SortingNumbers", "02.SortingNumbers\02.SortingNumbers.csproj", "{8DCF1029-F027-437A-9502-4ACB7F804B7F}"
EndProject
Project("{FAE04EC0-301F-11D3-BF4B-00C04F79EFBC}") = "03.LongestAreaInArray", "03.LongestAreaInArray\03.LongestAreaInArray.csproj", "{1A19D963-DC5F-4376-8219-0938BA323636}"
EndProject
Project("{FAE04EC0-301F-11D3-BF4B-00C04F79EFBC}") = "04.MatrixOfPalindromes", "04.MatrixOfPalindromes\04.MatrixOfPalindromes.csproj", "{A4506CFA-20B8-41E3-9A36-07970DEE25F0}"
EndProject
Project("{FAE04EC0-301F-11D3-BF4B-00C04F79EFBC}") = "05.LongestNonDecreasingSubsequence", "05.LongestNonDecreasingSubsequence\05.LongestNonDecreasingSubsequence.csproj", "{4399F239-314B-4636-BDA9-F106D7CBEBFF}"
EndProject
Project("{FAE04EC0-301F-11D3-BF4B-00C04F79EFBC}") = "06.RemoveNames", "06.RemoveNames\06.RemoveNames.csproj", "{C8718A8D-070A-4AA6-B3CF-4CACA9F6FFEA}"
EndProject
Project("{FAE04EC0-301F-11D3-BF4B-00C04F79EFBC}") = "07.JoinLists", "07.JoinLists\07.JoinLists.csproj", "{B6043192-2554-46F1-A255-542E7F18B9E3}"
EndProject
Project("{FAE04EC0-301F-11D3-BF4B-00C04F79EFBC}") = "08.LongestWordInAText", "08.LongestWordInAText\08.LongestWordInAText.csproj", "{73F1E7A8-7A83-40C0-B9A1-30DD1935A795}"
EndProject
Project("{FAE04EC0-301F-11D3-BF4B-00C04F79EFBC}") = "09.ExtractURLsFromText", "09.ExtractURLsFromText\09.ExtractURLsFromText.csproj", "{7D38EECB-0295-414B-877E-61AC98EACA51}"
EndProject
Global
	GlobalSection(SolutionConfigurationPlatforms) = preSolution
		Debug|Any CPU = Debug|Any CPU
		Release|Any CPU = Release|Any CPU
	EndGlobalSection
	GlobalSection(ProjectConfigurationPlatforms) = postSolution
		{053BFE15-8D55-41DA-B315-37916A02A2FC}.Debug|Any CPU.ActiveCfg = Debug|Any CPU
		{053BFE15-8D55-41DA-B315-37916A02A2FC}.Debug|Any CPU.Build.0 = Debug|Any CPU
		{053BFE15-8D55-41DA-B315-37916A02A2FC}.Release|Any CPU.ActiveCfg = Release|Any CPU
		{053BFE15-8D55-41DA-B315-37916A02A2FC}.Release|Any CPU.Build.0 = Release|Any CPU
		{8DCF1029-F027-437A-9502-4ACB7F804B7F}.Debug|Any CPU.ActiveCfg = Debug|Any CPU
		{8DCF1029-F027-437A-9502-4ACB7F804B7F}.Debug|Any CPU.Build.0 = Debug|Any CPU
		{8DCF1029-F027-437A-9502-4ACB7F804B7F}.Release|Any CPU.ActiveCfg = Release|Any CPU
		{8DCF1029-F027-437A-9502-4ACB7F804B7F}.Release|Any CPU.Build.0 = Release|Any CPU
		{1A19D963-DC5F-4376-8219-0938BA323636}.Debug|Any CPU.ActiveCfg = Debug|Any CPU
		{1A19D963-DC5F-4376-8219-0938BA323636}.Debug|Any CPU.Build.0 = Debug|Any CPU
		{1A19D963-DC5F-4376-8219-0938BA323636}.Release|Any CPU.ActiveCfg = Release|Any CPU
		{1A19D963-DC5F-4376-8219-0938BA323636}.Release|Any CPU.Build.0 = Release|Any CPU
		{A4506CFA-20B8-41E3-9A36-07970DEE25F0}.Debug|Any CPU.ActiveCfg = Debug|Any CPU
		{A4506CFA-20B8-41E3-9A36-07970DEE25F0}.Debug|Any CPU.Build.0 = Debug|Any CPU
		{A4506CFA-20B8-41E3-9A36-07970DEE25F0}.Release|Any CPU.ActiveCfg = Release|Any CPU
		{A4506CFA-20B8-41E3-9A36-07970DEE25F0}.Release|Any CPU.Build.0 = Release|Any CPU
		{4399F239-314B-4636-BDA9-F106D7CBEBFF}.Debug|Any CPU.ActiveCfg = Debug|Any CPU
		{4399F239-314B-4636-BDA9-F106D7CBEBFF}.Debug|Any CPU.Build.0 = Debug|Any CPU
		{4399F239-314B-4636-BDA9-F106D7CBEBFF}.Release|Any CPU.ActiveCfg = Release|Any CPU
		{4399F239-314B-4636-BDA9-F106D7CBEBFF}.Release|Any CPU.Build.0 = Release|Any CPU
		{C8718A8D-070A-4AA6-B3CF-4CACA9F6FFEA}.Debug|Any CPU.ActiveCfg = Debug|Any CPU
		{C8718A8D-070A-4AA6-B3CF-4CACA9F6FFEA}.Debug|Any CPU.Build.0 = Debug|Any CPU
		{C8718A8D-070A-4AA6-B3CF-4CACA9F6FFEA}.Release|Any CPU.ActiveCfg = Release|Any CPU
		{C8718A8D-070A-4AA6-B3CF-4CACA9F6FFEA}.Release|Any CPU.Build.0 = Release|Any CPU
		{B6043192-2554-46F1-A255-542E7F18B9E3}.Debug|Any CPU.ActiveCfg = Debug|Any CPU
		{B6043192-2554-46F1-A255-542E7F18B9E3}.Debug|Any CPU.Build.0 = Debug|Any CPU
		{B6043192-2554-46F1-A255-542E7F18B9E3}.Release|Any CPU.ActiveCfg = Release|Any CPU
		{B6043192-2554-46F1-A255-542E7F18B9E3}.Release|Any CPU.Build.0 = Release|Any CPU
		{73F1E7A8-7A83-40C0-B9A1-30DD1935A795}.Debug|Any CPU.ActiveCfg = Debug|Any CPU
		{73F1E7A8-7A83-40C0-B9A1-30DD1935A795}.Debug|Any CPU.Build.0 = Debug|Any CPU
		{73F1E7A8-7A83-40C0-B9A1-30DD1935A795}.Release|Any CPU.ActiveCfg = Release|Any CPU
		{73F1E7A8-7A83-40C0-B9A1-30DD1935A795}.Release|Any CPU.Build.0 = Release|Any CPU
		{7D38EECB-0295-414B-877E-61AC98EACA51}.Debug|Any CPU.ActiveCfg = Debug|Any CPU
		{7D38EECB-0295-414B-877E-61AC98EACA51}.Debug|Any CPU.Build.0 = Debug|Any CPU
		{7D38EECB-0295-414B-877E-61AC98EACA51}.Release|Any CPU.ActiveCfg = Release|Any CPU
		{7D38EECB-0295-414B-877E-61AC98EACA51}.Release|Any CPU.Build.0 = Release|Any CPU
	EndGlobalSection
	GlobalSection(SolutionProperties) = preSolution
		HideSolutionNode = FALSE
	EndGlobalSection
EndGlobal
